
Microsoft Visual Studio Solution File, Format Version 12.00
# Visual Studio Version 17
VisualStudioVersion = 17.11.35303.130
MinimumVisualStudioVersion = 10.0.40219.1
Project("{FAE04EC0-301F-11D3-BF4B-00C04F79EFBC}") = "coding tracker", "coding tracker\coding tracker.csproj", "{F9FD3B81-126E-4593-AD91-DD18BFE7E193}"
EndProject
Global
	GlobalSection(SolutionConfigurationPlatforms) = preSolution
		Debug|Any CPU = Debug|Any CPU
		Release|Any CPU = Release|Any CPU
	EndGlobalSection
	GlobalSection(ProjectConfigurationPlatforms) = postSolution
		{F9FD3B81-126E-4593-AD91-DD18BFE7E193}.Debug|Any CPU.ActiveCfg = Debug|Any CPU
		{F9FD3B81-126E-4593-AD91-DD18BFE7E193}.Debug|Any CPU.Build.0 = Debug|Any CPU
		{F9FD3B81-126E-4593-AD91-DD18BFE7E193}.Release|Any CPU.ActiveCfg = Release|Any CPU
		{F9FD3B81-126E-4593-AD91-DD18BFE7E193}.Release|Any CPU.Build.0 = Release|Any CPU
	EndGlobalSection
	GlobalSection(SolutionProperties) = preSolution
		HideSolutionNode = FALSE
	EndGlobalSection
	GlobalSection(ExtensibilityGlobals) = postSolution
		SolutionGuid = {4F445D76-E8C5-4ED6-8E85-E05F73EDB998}
	EndGlobalSection
EndGlobal
